// !$*UTF8*$!
{
	archiveVersion = 1;
	classes = {
	};
	objectVersion = 50;
	objects = {

/* Begin PBXBuildFile section */
		D721F503263DDD91005763D8 /* UIPlayerView.swift in Sources */ = {isa = PBXBuildFile; fileRef = D721F502263DDD91005763D8 /* UIPlayerView.swift */; };
		D721F507263DE25A005763D8 /* PlayerView.swift in Sources */ = {isa = PBXBuildFile; fileRef = D721F506263DE25A005763D8 /* PlayerView.swift */; };
		D75E0596263F272400A3D137 /* EvselAtiksuAritmaTesisleriView.swift in Sources */ = {isa = PBXBuildFile; fileRef = D75E0595263F272400A3D137 /* EvselAtiksuAritmaTesisleriView.swift */; };
		D75E0599263F2E6A00A3D137 /* EndustriyelAtiksuAritmaSistemleriView.swift in Sources */ = {isa = PBXBuildFile; fileRef = D75E0598263F2E6A00A3D137 /* EndustriyelAtiksuAritmaSistemleriView.swift */; };
		D75E059B263F336100A3D137 /* AritmaTesisiEkipmanlariView.swift in Sources */ = {isa = PBXBuildFile; fileRef = D75E059A263F336100A3D137 /* AritmaTesisiEkipmanlariView.swift */; };
		D78079AA263C45190068D27D /* Kocaeli_AritmaApp.swift in Sources */ = {isa = PBXBuildFile; fileRef = D78079A9263C45190068D27D /* Kocaeli_AritmaApp.swift */; };
		D78079AC263C45190068D27D /* ContentView.swift in Sources */ = {isa = PBXBuildFile; fileRef = D78079AB263C45190068D27D /* ContentView.swift */; };
		D78079AE263C451A0068D27D /* Assets.xcassets in Resources */ = {isa = PBXBuildFile; fileRef = D78079AD263C451A0068D27D /* Assets.xcassets */; };
		D78079B1263C451A0068D27D /* Preview Assets.xcassets in Resources */ = {isa = PBXBuildFile; fileRef = D78079B0263C451A0068D27D /* Preview Assets.xcassets */; };
		D78079BC263C451A0068D27D /* Kocaeli_AritmaTests.swift in Sources */ = {isa = PBXBuildFile; fileRef = D78079BB263C451A0068D27D /* Kocaeli_AritmaTests.swift */; };
		D78079C7263C451A0068D27D /* Kocaeli_AritmaUITests.swift in Sources */ = {isa = PBXBuildFile; fileRef = D78079C6263C451A0068D27D /* Kocaeli_AritmaUITests.swift */; };
		D78B91CB263FFC2D007594DB /* LimanAtikKabulTesisleriView.swift in Sources */ = {isa = PBXBuildFile; fileRef = D78B91CA263FFC2D007594DB /* LimanAtikKabulTesisleriView.swift */; };
		D78B91CE263FFF18007594DB /* PaketBiyolojikAritmaView.swift in Sources */ = {isa = PBXBuildFile; fileRef = D78B91CD263FFF18007594DB /* PaketBiyolojikAritmaView.swift */; };
		D78B91D026400429007594DB /* PaketKimyasalAritmaView.swift in Sources */ = {isa = PBXBuildFile; fileRef = D78B91CF26400429007594DB /* PaketKimyasalAritmaView.swift */; };
		D78B91D226400590007594DB /* PaketNehirSuyuAritmaView.swift in Sources */ = {isa = PBXBuildFile; fileRef = D78B91D126400590007594DB /* PaketNehirSuyuAritmaView.swift */; };
		D78B91D426400BD4007594DB /* PaketYagAyiriciView.swift in Sources */ = {isa = PBXBuildFile; fileRef = D78B91D326400BD4007594DB /* PaketYagAyiriciView.swift */; };
		D78B91D626400E98007594DB /* PaketFiltrasyonUniteleriView.swift in Sources */ = {isa = PBXBuildFile; fileRef = D78B91D526400E98007594DB /* PaketFiltrasyonUniteleriView.swift */; };
		D78B91D82640126F007594DB /* PaketOsmozUniteleriView.swift in Sources */ = {isa = PBXBuildFile; fileRef = D78B91D72640126F007594DB /* PaketOsmozUniteleriView.swift */; };
		D78B91DA264015FD007594DB /* PaketKokuGidericiView.swift in Sources */ = {isa = PBXBuildFile; fileRef = D78B91D9264015FD007594DB /* PaketKokuGidericiView.swift */; };
		D78B91DD26402F8B007594DB /* AritmaView.swift in Sources */ = {isa = PBXBuildFile; fileRef = D78B91DC26402F8B007594DB /* AritmaView.swift */; };
		D78B91DF26402FE3007594DB /* PaketAritmaSistemleriView.swift in Sources */ = {isa = PBXBuildFile; fileRef = D78B91DE26402FE3007594DB /* PaketAritmaSistemleriView.swift */; };
		D78B91E12640304A007594DB /* HizmetlerimizView.swift in Sources */ = {isa = PBXBuildFile; fileRef = D78B91E02640304A007594DB /* HizmetlerimizView.swift */; };
		D78B91E326403187007594DB /* ProjelendirmeView.swift in Sources */ = {isa = PBXBuildFile; fileRef = D78B91E226403187007594DB /* ProjelendirmeView.swift */; };
		D78B91E5264033C4007594DB /* LaboratuvarView.swift in Sources */ = {isa = PBXBuildFile; fileRef = D78B91E4264033C4007594DB /* LaboratuvarView.swift */; };
		D78B91E726403547007594DB /* ServisBakimView.swift in Sources */ = {isa = PBXBuildFile; fileRef = D78B91E626403547007594DB /* ServisBakimView.swift */; };
		D78B91E926404051007594DB /* KimyasallarView.swift in Sources */ = {isa = PBXBuildFile; fileRef = D78B91E826404051007594DB /* KimyasallarView.swift */; };
		D78B91EB26404137007594DB /* AritmaKimyasallari2View.swift in Sources */ = {isa = PBXBuildFile; fileRef = D78B91EA26404137007594DB /* AritmaKimyasallari2View.swift */; };
		D78B91ED2640449E007594DB /* SuSartlandirmaKimyasallariView.swift in Sources */ = {isa = PBXBuildFile; fileRef = D78B91EC2640449E007594DB /* SuSartlandirmaKimyasallariView.swift */; };
		D78B91EF26404869007594DB /* DigerKimyasallarView.swift in Sources */ = {isa = PBXBuildFile; fileRef = D78B91EE26404869007594DB /* DigerKimyasallarView.swift */; };
		D78B91F1264058A9007594DB /* HakkimizdaView.swift in Sources */ = {isa = PBXBuildFile; fileRef = D78B91F0264058A9007594DB /* HakkimizdaView.swift */; };
		D79B7CC92647EB4D00FB8929 /* cicek3.mp4 in Resources */ = {isa = PBXBuildFile; fileRef = D79B7CC82647EB4000FB8929 /* cicek3.mp4 */; };
		D79B7CCB2647ECC800FB8929 /* SilSonraBizeUlasinView.swift in Sources */ = {isa = PBXBuildFile; fileRef = D79B7CCA2647ECC800FB8929 /* SilSonraBizeUlasinView.swift */; };
		D7BB552B2640965500FC9834 /* MapView.swift in Sources */ = {isa = PBXBuildFile; fileRef = D7BB552A2640965500FC9834 /* MapView.swift */; };
		D7F4F08C263ED01200E28568 /* Foral Pro.otf in Resources */ = {isa = PBXBuildFile; fileRef = D7F4F08B263ECF9900E28568 /* Foral Pro.otf */; };
/* End PBXBuildFile section */

/* Begin PBXContainerItemProxy section */
		D78079B8263C451A0068D27D /* PBXContainerItemProxy */ = {
			isa = PBXContainerItemProxy;
			containerPortal = D780799E263C45190068D27D /* Project object */;
			proxyType = 1;
			remoteGlobalIDString = D78079A5263C45190068D27D;
			remoteInfo = "Kocaeli Aritma";
		};
		D78079C3263C451A0068D27D /* PBXContainerItemProxy */ = {
			isa = PBXContainerItemProxy;
			containerPortal = D780799E263C45190068D27D /* Project object */;
			proxyType = 1;
			remoteGlobalIDString = D78079A5263C45190068D27D;
			remoteInfo = "Kocaeli Aritma";
		};
/* End PBXContainerItemProxy section */

/* Begin PBXFileReference section */
		D721F502263DDD91005763D8 /* UIPlayerView.swift */ = {isa = PBXFileReference; lastKnownFileType = sourcecode.swift; path = UIPlayerView.swift; sourceTree = "<group>"; };
		D721F506263DE25A005763D8 /* PlayerView.swift */ = {isa = PBXFileReference; lastKnownFileType = sourcecode.swift; path = PlayerView.swift; sourceTree = "<group>"; };
		D75E0595263F272400A3D137 /* EvselAtiksuAritmaTesisleriView.swift */ = {isa = PBXFileReference; lastKnownFileType = sourcecode.swift; path = EvselAtiksuAritmaTesisleriView.swift; sourceTree = "<group>"; };
		D75E0598263F2E6A00A3D137 /* EndustriyelAtiksuAritmaSistemleriView.swift */ = {isa = PBXFileReference; lastKnownFileType = sourcecode.swift; path = EndustriyelAtiksuAritmaSistemleriView.swift; sourceTree = "<group>"; };
		D75E059A263F336100A3D137 /* AritmaTesisiEkipmanlariView.swift */ = {isa = PBXFileReference; lastKnownFileType = sourcecode.swift; path = AritmaTesisiEkipmanlariView.swift; sourceTree = "<group>"; };
		D78079A6263C45190068D27D /* Kocaeli Aritma.app */ = {isa = PBXFileReference; explicitFileType = wrapper.application; includeInIndex = 0; path = "Kocaeli Aritma.app"; sourceTree = BUILT_PRODUCTS_DIR; };
		D78079A9263C45190068D27D /* Kocaeli_AritmaApp.swift */ = {isa = PBXFileReference; lastKnownFileType = sourcecode.swift; path = Kocaeli_AritmaApp.swift; sourceTree = "<group>"; };
		D78079AB263C45190068D27D /* ContentView.swift */ = {isa = PBXFileReference; lastKnownFileType = sourcecode.swift; path = ContentView.swift; sourceTree = "<group>"; wrapsLines = 1; };
		D78079AD263C451A0068D27D /* Assets.xcassets */ = {isa = PBXFileReference; lastKnownFileType = folder.assetcatalog; path = Assets.xcassets; sourceTree = "<group>"; };
		D78079B0263C451A0068D27D /* Preview Assets.xcassets */ = {isa = PBXFileReference; lastKnownFileType = folder.assetcatalog; path = "Preview Assets.xcassets"; sourceTree = "<group>"; };
		D78079B2263C451A0068D27D /* Info.plist */ = {isa = PBXFileReference; lastKnownFileType = text.plist.xml; path = Info.plist; sourceTree = "<group>"; };
		D78079B7263C451A0068D27D /* Kocaeli AritmaTests.xctest */ = {isa = PBXFileReference; explicitFileType = wrapper.cfbundle; includeInIndex = 0; path = "Kocaeli AritmaTests.xctest"; sourceTree = BUILT_PRODUCTS_DIR; };
		D78079BB263C451A0068D27D /* Kocaeli_AritmaTests.swift */ = {isa = PBXFileReference; lastKnownFileType = sourcecode.swift; path = Kocaeli_AritmaTests.swift; sourceTree = "<group>"; };
		D78079BD263C451A0068D27D /* Info.plist */ = {isa = PBXFileReference; lastKnownFileType = text.plist.xml; path = Info.plist; sourceTree = "<group>"; };
		D78079C2263C451A0068D27D /* Kocaeli AritmaUITests.xctest */ = {isa = PBXFileReference; explicitFileType = wrapper.cfbundle; includeInIndex = 0; path = "Kocaeli AritmaUITests.xctest"; sourceTree = BUILT_PRODUCTS_DIR; };
		D78079C6263C451A0068D27D /* Kocaeli_AritmaUITests.swift */ = {isa = PBXFileReference; lastKnownFileType = sourcecode.swift; path = Kocaeli_AritmaUITests.swift; sourceTree = "<group>"; };
		D78079C8263C451A0068D27D /* Info.plist */ = {isa = PBXFileReference; lastKnownFileType = text.plist.xml; path = Info.plist; sourceTree = "<group>"; };
		D78B91CA263FFC2D007594DB /* LimanAtikKabulTesisleriView.swift */ = {isa = PBXFileReference; lastKnownFileType = sourcecode.swift; path = LimanAtikKabulTesisleriView.swift; sourceTree = "<group>"; };
		D78B91CD263FFF18007594DB /* PaketBiyolojikAritmaView.swift */ = {isa = PBXFileReference; lastKnownFileType = sourcecode.swift; path = PaketBiyolojikAritmaView.swift; sourceTree = "<group>"; };
		D78B91CF26400429007594DB /* PaketKimyasalAritmaView.swift */ = {isa = PBXFileReference; lastKnownFileType = sourcecode.swift; path = PaketKimyasalAritmaView.swift; sourceTree = "<group>"; };
		D78B91D126400590007594DB /* PaketNehirSuyuAritmaView.swift */ = {isa = PBXFileReference; lastKnownFileType = sourcecode.swift; path = PaketNehirSuyuAritmaView.swift; sourceTree = "<group>"; };
		D78B91D326400BD4007594DB /* PaketYagAyiriciView.swift */ = {isa = PBXFileReference; lastKnownFileType = sourcecode.swift; path = PaketYagAyiriciView.swift; sourceTree = "<group>"; };
		D78B91D526400E98007594DB /* PaketFiltrasyonUniteleriView.swift */ = {isa = PBXFileReference; lastKnownFileType = sourcecode.swift; path = PaketFiltrasyonUniteleriView.swift; sourceTree = "<group>"; };
		D78B91D72640126F007594DB /* PaketOsmozUniteleriView.swift */ = {isa = PBXFileReference; lastKnownFileType = sourcecode.swift; path = PaketOsmozUniteleriView.swift; sourceTree = "<group>"; };
		D78B91D9264015FD007594DB /* PaketKokuGidericiView.swift */ = {isa = PBXFileReference; lastKnownFileType = sourcecode.swift; path = PaketKokuGidericiView.swift; sourceTree = "<group>"; };
		D78B91DC26402F8B007594DB /* AritmaView.swift */ = {isa = PBXFileReference; lastKnownFileType = sourcecode.swift; path = AritmaView.swift; sourceTree = "<group>"; };
		D78B91DE26402FE3007594DB /* PaketAritmaSistemleriView.swift */ = {isa = PBXFileReference; lastKnownFileType = sourcecode.swift; path = PaketAritmaSistemleriView.swift; sourceTree = "<group>"; };
		D78B91E02640304A007594DB /* HizmetlerimizView.swift */ = {isa = PBXFileReference; lastKnownFileType = sourcecode.swift; path = HizmetlerimizView.swift; sourceTree = "<group>"; };
		D78B91E226403187007594DB /* ProjelendirmeView.swift */ = {isa = PBXFileReference; lastKnownFileType = sourcecode.swift; path = ProjelendirmeView.swift; sourceTree = "<group>"; };
		D78B91E4264033C4007594DB /* LaboratuvarView.swift */ = {isa = PBXFileReference; lastKnownFileType = sourcecode.swift; path = LaboratuvarView.swift; sourceTree = "<group>"; };
		D78B91E626403547007594DB /* ServisBakimView.swift */ = {isa = PBXFileReference; lastKnownFileType = sourcecode.swift; path = ServisBakimView.swift; sourceTree = "<group>"; };
		D78B91E826404051007594DB /* KimyasallarView.swift */ = {isa = PBXFileReference; lastKnownFileType = sourcecode.swift; path = KimyasallarView.swift; sourceTree = "<group>"; };
		D78B91EA26404137007594DB /* AritmaKimyasallari2View.swift */ = {isa = PBXFileReference; lastKnownFileType = sourcecode.swift; path = AritmaKimyasallari2View.swift; sourceTree = "<group>"; };
		D78B91EC2640449E007594DB /* SuSartlandirmaKimyasallariView.swift */ = {isa = PBXFileReference; lastKnownFileType = sourcecode.swift; path = SuSartlandirmaKimyasallariView.swift; sourceTree = "<group>"; };
		D78B91EE26404869007594DB /* DigerKimyasallarView.swift */ = {isa = PBXFileReference; lastKnownFileType = sourcecode.swift; path = DigerKimyasallarView.swift; sourceTree = "<group>"; };
		D78B91F0264058A9007594DB /* HakkimizdaView.swift */ = {isa = PBXFileReference; lastKnownFileType = sourcecode.swift; path = HakkimizdaView.swift; sourceTree = "<group>"; };
		D79B7CC82647EB4000FB8929 /* cicek3.mp4 */ = {isa = PBXFileReference; lastKnownFileType = file; path = cicek3.mp4; sourceTree = "<group>"; };
		D79B7CCA2647ECC800FB8929 /* SilSonraBizeUlasinView.swift */ = {isa = PBXFileReference; lastKnownFileType = sourcecode.swift; path = SilSonraBizeUlasinView.swift; sourceTree = "<group>"; };
		D7BB552A2640965500FC9834 /* MapView.swift */ = {isa = PBXFileReference; lastKnownFileType = sourcecode.swift; path = MapView.swift; sourceTree = "<group>"; };
		D7F4F08B263ECF9900E28568 /* Foral Pro.otf */ = {isa = PBXFileReference; lastKnownFileType = file; path = "Foral Pro.otf"; sourceTree = "<group>"; };
/* End PBXFileReference section */

/* Begin PBXFrameworksBuildPhase section */
		D78079A3263C45190068D27D /* Frameworks */ = {
			isa = PBXFrameworksBuildPhase;
			buildActionMask = 2147483647;
			files = (
			);
			runOnlyForDeploymentPostprocessing = 0;
		};
		D78079B4263C451A0068D27D /* Frameworks */ = {
			isa = PBXFrameworksBuildPhase;
			buildActionMask = 2147483647;
			files = (
			);
			runOnlyForDeploymentPostprocessing = 0;
		};
		D78079BF263C451A0068D27D /* Frameworks */ = {
			isa = PBXFrameworksBuildPhase;
			buildActionMask = 2147483647;
			files = (
			);
			runOnlyForDeploymentPostprocessing = 0;
		};
/* End PBXFrameworksBuildPhase section */

/* Begin PBXGroup section */
		D721F504263DDF0A005763D8 /* files */ = {
			isa = PBXGroup;
			children = (
				D7F4F08B263ECF9900E28568 /* Foral Pro.otf */,
			);
			path = files;
			sourceTree = "<group>";
		};
		D75E0597263F273B00A3D137 /* StaticViews */ = {
			isa = PBXGroup;
			children = (
				D75E0595263F272400A3D137 /* EvselAtiksuAritmaTesisleriView.swift */,
				D78B91DE26402FE3007594DB /* PaketAritmaSistemleriView.swift */,
				D78B91E626403547007594DB /* ServisBakimView.swift */,
				D78B91EA26404137007594DB /* AritmaKimyasallari2View.swift */,
				D78B91E4264033C4007594DB /* LaboratuvarView.swift */,
				D78B91EE26404869007594DB /* DigerKimyasallarView.swift */,
				D78B91EC2640449E007594DB /* SuSartlandirmaKimyasallariView.swift */,
				D78B91E226403187007594DB /* ProjelendirmeView.swift */,
				D75E059A263F336100A3D137 /* AritmaTesisiEkipmanlariView.swift */,
				D78B91CA263FFC2D007594DB /* LimanAtikKabulTesisleriView.swift */,
				D75E0598263F2E6A00A3D137 /* EndustriyelAtiksuAritmaSistemleriView.swift */,
				D78B91CC263FFED6007594DB /* PaketAritmaSubViews */,
			);
			path = StaticViews;
			sourceTree = "<group>";
		};
		D780799D263C45190068D27D = {
			isa = PBXGroup;
			children = (
				D78079A8263C45190068D27D /* Kocaeli Aritma */,
				D721F504263DDF0A005763D8 /* files */,
				D78079BA263C451A0068D27D /* Kocaeli AritmaTests */,
				D78079C5263C451A0068D27D /* Kocaeli AritmaUITests */,
				D78079A7263C45190068D27D /* Products */,
			);
			sourceTree = "<group>";
		};
		D78079A7263C45190068D27D /* Products */ = {
			isa = PBXGroup;
			children = (
				D78079A6263C45190068D27D /* Kocaeli Aritma.app */,
				D78079B7263C451A0068D27D /* Kocaeli AritmaTests.xctest */,
				D78079C2263C451A0068D27D /* Kocaeli AritmaUITests.xctest */,
			);
			name = Products;
			sourceTree = "<group>";
		};
		D78079A8263C45190068D27D /* Kocaeli Aritma */ = {
			isa = PBXGroup;
			children = (
				D78079A9263C45190068D27D /* Kocaeli_AritmaApp.swift */,
				D78079AB263C45190068D27D /* ContentView.swift */,
				D721F502263DDD91005763D8 /* UIPlayerView.swift */,
				D721F506263DE25A005763D8 /* PlayerView.swift */,
				D78B91DB26402F6B007594DB /* Scrollview Page Views */,
				D75E0597263F273B00A3D137 /* StaticViews */,
				D78079AD263C451A0068D27D /* Assets.xcassets */,
				D78079B2263C451A0068D27D /* Info.plist */,
				D79B7CC82647EB4000FB8929 /* cicek3.mp4 */,
				D78079AF263C451A0068D27D /* Preview Content */,
			);
			path = "Kocaeli Aritma";
			sourceTree = "<group>";
		};
		D78079AF263C451A0068D27D /* Preview Content */ = {
			isa = PBXGroup;
			children = (
				D78079B0263C451A0068D27D /* Preview Assets.xcassets */,
			);
			path = "Preview Content";
			sourceTree = "<group>";
		};
		D78079BA263C451A0068D27D /* Kocaeli AritmaTests */ = {
			isa = PBXGroup;
			children = (
				D78079BB263C451A0068D27D /* Kocaeli_AritmaTests.swift */,
				D78079BD263C451A0068D27D /* Info.plist */,
			);
			path = "Kocaeli AritmaTests";
			sourceTree = "<group>";
		};
		D78079C5263C451A0068D27D /* Kocaeli AritmaUITests */ = {
			isa = PBXGroup;
			children = (
				D78079C6263C451A0068D27D /* Kocaeli_AritmaUITests.swift */,
				D78079C8263C451A0068D27D /* Info.plist */,
			);
			path = "Kocaeli AritmaUITests";
			sourceTree = "<group>";
		};
		D78B91CC263FFED6007594DB /* PaketAritmaSubViews */ = {
			isa = PBXGroup;
			children = (
				D78B91CD263FFF18007594DB /* PaketBiyolojikAritmaView.swift */,
				D78B91D326400BD4007594DB /* PaketYagAyiriciView.swift */,
				D78B91D9264015FD007594DB /* PaketKokuGidericiView.swift */,
				D78B91D72640126F007594DB /* PaketOsmozUniteleriView.swift */,
				D78B91D526400E98007594DB /* PaketFiltrasyonUniteleriView.swift */,
				D78B91D126400590007594DB /* PaketNehirSuyuAritmaView.swift */,
				D78B91CF26400429007594DB /* PaketKimyasalAritmaView.swift */,
			);
			path = PaketAritmaSubViews;
			sourceTree = "<group>";
		};
		D78B91DB26402F6B007594DB /* Scrollview Page Views */ = {
			isa = PBXGroup;
			children = (
				D78B91DC26402F8B007594DB /* AritmaView.swift */,
				D78B91E826404051007594DB /* KimyasallarView.swift */,
				D79B7CCA2647ECC800FB8929 /* SilSonraBizeUlasinView.swift */,
				D78B91E02640304A007594DB /* HizmetlerimizView.swift */,
				D7BB552A2640965500FC9834 /* MapView.swift */,
				D78B91F0264058A9007594DB /* HakkimizdaView.swift */,
			);
			path = "Scrollview Page Views";
			sourceTree = "<group>";
		};
/* End PBXGroup section */

/* Begin PBXNativeTarget section */
		D78079A5263C45190068D27D /* Kocaeli Aritma */ = {
			isa = PBXNativeTarget;
			buildConfigurationList = D78079CB263C451A0068D27D /* Build configuration list for PBXNativeTarget "Kocaeli Aritma" */;
			buildPhases = (
				D78079A2263C45190068D27D /* Sources */,
				D78079A3263C45190068D27D /* Frameworks */,
				D78079A4263C45190068D27D /* Resources */,
			);
			buildRules = (
			);
			dependencies = (
			);
			name = "Kocaeli Aritma";
			productName = "Kocaeli Aritma";
			productReference = D78079A6263C45190068D27D /* Kocaeli Aritma.app */;
			productType = "com.apple.product-type.application";
		};
		D78079B6263C451A0068D27D /* Kocaeli AritmaTests */ = {
			isa = PBXNativeTarget;
			buildConfigurationList = D78079CE263C451A0068D27D /* Build configuration list for PBXNativeTarget "Kocaeli AritmaTests" */;
			buildPhases = (
				D78079B3263C451A0068D27D /* Sources */,
				D78079B4263C451A0068D27D /* Frameworks */,
				D78079B5263C451A0068D27D /* Resources */,
			);
			buildRules = (
			);
			dependencies = (
				D78079B9263C451A0068D27D /* PBXTargetDependency */,
			);
			name = "Kocaeli AritmaTests";
			productName = "Kocaeli AritmaTests";
			productReference = D78079B7263C451A0068D27D /* Kocaeli AritmaTests.xctest */;
			productType = "com.apple.product-type.bundle.unit-test";
		};
		D78079C1263C451A0068D27D /* Kocaeli AritmaUITests */ = {
			isa = PBXNativeTarget;
			buildConfigurationList = D78079D1263C451A0068D27D /* Build configuration list for PBXNativeTarget "Kocaeli AritmaUITests" */;
			buildPhases = (
				D78079BE263C451A0068D27D /* Sources */,
				D78079BF263C451A0068D27D /* Frameworks */,
				D78079C0263C451A0068D27D /* Resources */,
			);
			buildRules = (
			);
			dependencies = (
				D78079C4263C451A0068D27D /* PBXTargetDependency */,
			);
			name = "Kocaeli AritmaUITests";
			productName = "Kocaeli AritmaUITests";
			productReference = D78079C2263C451A0068D27D /* Kocaeli AritmaUITests.xctest */;
			productType = "com.apple.product-type.bundle.ui-testing";
		};
/* End PBXNativeTarget section */

/* Begin PBXProject section */
		D780799E263C45190068D27D /* Project object */ = {
			isa = PBXProject;
			attributes = {
				LastSwiftUpdateCheck = 1250;
				LastUpgradeCheck = 1250;
				TargetAttributes = {
					D78079A5263C45190068D27D = {
						CreatedOnToolsVersion = 12.5;
					};
					D78079B6263C451A0068D27D = {
						CreatedOnToolsVersion = 12.5;
						TestTargetID = D78079A5263C45190068D27D;
					};
					D78079C1263C451A0068D27D = {
						CreatedOnToolsVersion = 12.5;
						TestTargetID = D78079A5263C45190068D27D;
					};
				};
			};
			buildConfigurationList = D78079A1263C45190068D27D /* Build configuration list for PBXProject "Kocaeli Aritma" */;
			compatibilityVersion = "Xcode 9.3";
			developmentRegion = en;
			hasScannedForEncodings = 0;
			knownRegions = (
				en,
				Base,
			);
			mainGroup = D780799D263C45190068D27D;
			productRefGroup = D78079A7263C45190068D27D /* Products */;
			projectDirPath = "";
			projectRoot = "";
			targets = (
				D78079A5263C45190068D27D /* Kocaeli Aritma */,
				D78079B6263C451A0068D27D /* Kocaeli AritmaTests */,
				D78079C1263C451A0068D27D /* Kocaeli AritmaUITests */,
			);
		};
/* End PBXProject section */

/* Begin PBXResourcesBuildPhase section */
		D78079A4263C45190068D27D /* Resources */ = {
			isa = PBXResourcesBuildPhase;
			buildActionMask = 2147483647;
			files = (
				D79B7CC92647EB4D00FB8929 /* cicek3.mp4 in Resources */,
				D7F4F08C263ED01200E28568 /* Foral Pro.otf in Resources */,
				D78079B1263C451A0068D27D /* Preview Assets.xcassets in Resources */,
				D78079AE263C451A0068D27D /* Assets.xcassets in Resources */,
			);
			runOnlyForDeploymentPostprocessing = 0;
		};
		D78079B5263C451A0068D27D /* Resources */ = {
			isa = PBXResourcesBuildPhase;
			buildActionMask = 2147483647;
			files = (
			);
			runOnlyForDeploymentPostprocessing = 0;
		};
		D78079C0263C451A0068D27D /* Resources */ = {
			isa = PBXResourcesBuildPhase;
			buildActionMask = 2147483647;
			files = (
			);
			runOnlyForDeploymentPostprocessing = 0;
		};
/* End PBXResourcesBuildPhase section */

/* Begin PBXSourcesBuildPhase section */
		D78079A2263C45190068D27D /* Sources */ = {
			isa = PBXSourcesBuildPhase;
			buildActionMask = 2147483647;
			files = (
				D78B91EF26404869007594DB /* DigerKimyasallarView.swift in Sources */,
				D78B91E12640304A007594DB /* HizmetlerimizView.swift in Sources */,
				D75E0596263F272400A3D137 /* EvselAtiksuAritmaTesisleriView.swift in Sources */,
				D78B91F1264058A9007594DB /* HakkimizdaView.swift in Sources */,
				D78B91DA264015FD007594DB /* PaketKokuGidericiView.swift in Sources */,
				D78B91E926404051007594DB /* KimyasallarView.swift in Sources */,
				D721F503263DDD91005763D8 /* UIPlayerView.swift in Sources */,
				D7BB552B2640965500FC9834 /* MapView.swift in Sources */,
				D79B7CCB2647ECC800FB8929 /* SilSonraBizeUlasinView.swift in Sources */,
				D78B91EB26404137007594DB /* AritmaKimyasallari2View.swift in Sources */,
				D78079AC263C45190068D27D /* ContentView.swift in Sources */,
				D78B91DD26402F8B007594DB /* AritmaView.swift in Sources */,
				D78B91D82640126F007594DB /* PaketOsmozUniteleriView.swift in Sources */,
				D78B91D426400BD4007594DB /* PaketYagAyiriciView.swift in Sources */,
				D78B91D026400429007594DB /* PaketKimyasalAritmaView.swift in Sources */,
				D78B91E726403547007594DB /* ServisBakimView.swift in Sources */,
				D78079AA263C45190068D27D /* Kocaeli_AritmaApp.swift in Sources */,
				D78B91CB263FFC2D007594DB /* LimanAtikKabulTesisleriView.swift in Sources */,
				D78B91CE263FFF18007594DB /* PaketBiyolojikAritmaView.swift in Sources */,
				D78B91ED2640449E007594DB /* SuSartlandirmaKimyasallariView.swift in Sources */,
				D721F507263DE25A005763D8 /* PlayerView.swift in Sources */,
				D75E0599263F2E6A00A3D137 /* EndustriyelAtiksuAritmaSistemleriView.swift in Sources */,
				D78B91E5264033C4007594DB /* LaboratuvarView.swift in Sources */,
				D78B91DF26402FE3007594DB /* PaketAritmaSistemleriView.swift in Sources */,
				D75E059B263F336100A3D137 /* AritmaTesisiEkipmanlariView.swift in Sources */,
				D78B91D226400590007594DB /* PaketNehirSuyuAritmaView.swift in Sources */,
				D78B91E326403187007594DB /* ProjelendirmeView.swift in Sources */,
				D78B91D626400E98007594DB /* PaketFiltrasyonUniteleriView.swift in Sources */,
			);
			runOnlyForDeploymentPostprocessing = 0;
		};
		D78079B3263C451A0068D27D /* Sources */ = {
			isa = PBXSourcesBuildPhase;
			buildActionMask = 2147483647;
			files = (
				D78079BC263C451A0068D27D /* Kocaeli_AritmaTests.swift in Sources */,
			);
			runOnlyForDeploymentPostprocessing = 0;
		};
		D78079BE263C451A0068D27D /* Sources */ = {
			isa = PBXSourcesBuildPhase;
			buildActionMask = 2147483647;
			files = (
				D78079C7263C451A0068D27D /* Kocaeli_AritmaUITests.swift in Sources */,
			);
			runOnlyForDeploymentPostprocessing = 0;
		};
/* End PBXSourcesBuildPhase section */

/* Begin PBXTargetDependency section */
		D78079B9263C451A0068D27D /* PBXTargetDependency */ = {
			isa = PBXTargetDependency;
			target = D78079A5263C45190068D27D /* Kocaeli Aritma */;
			targetProxy = D78079B8263C451A0068D27D /* PBXContainerItemProxy */;
		};
		D78079C4263C451A0068D27D /* PBXTargetDependency */ = {
			isa = PBXTargetDependency;
			target = D78079A5263C45190068D27D /* Kocaeli Aritma */;
			targetProxy = D78079C3263C451A0068D27D /* PBXContainerItemProxy */;
		};
/* End PBXTargetDependency section */

/* Begin XCBuildConfiguration section */
		D78079C9263C451A0068D27D /* Debug */ = {
			isa = XCBuildConfiguration;
			buildSettings = {
				ALWAYS_SEARCH_USER_PATHS = NO;
				CLANG_ANALYZER_NONNULL = YES;
				CLANG_ANALYZER_NUMBER_OBJECT_CONVERSION = YES_AGGRESSIVE;
				CLANG_CXX_LANGUAGE_STANDARD = "gnu++14";
				CLANG_CXX_LIBRARY = "libc++";
				CLANG_ENABLE_MODULES = YES;
				CLANG_ENABLE_OBJC_ARC = YES;
				CLANG_ENABLE_OBJC_WEAK = YES;
				CLANG_WARN_BLOCK_CAPTURE_AUTORELEASING = YES;
				CLANG_WARN_BOOL_CONVERSION = YES;
				CLANG_WARN_COMMA = YES;
				CLANG_WARN_CONSTANT_CONVERSION = YES;
				CLANG_WARN_DEPRECATED_OBJC_IMPLEMENTATIONS = YES;
				CLANG_WARN_DIRECT_OBJC_ISA_USAGE = YES_ERROR;
				CLANG_WARN_DOCUMENTATION_COMMENTS = YES;
				CLANG_WARN_EMPTY_BODY = YES;
				CLANG_WARN_ENUM_CONVERSION = YES;
				CLANG_WARN_INFINITE_RECURSION = YES;
				CLANG_WARN_INT_CONVERSION = YES;
				CLANG_WARN_NON_LITERAL_NULL_CONVERSION = YES;
				CLANG_WARN_OBJC_IMPLICIT_RETAIN_SELF = YES;
				CLANG_WARN_OBJC_LITERAL_CONVERSION = YES;
				CLANG_WARN_OBJC_ROOT_CLASS = YES_ERROR;
				CLANG_WARN_QUOTED_INCLUDE_IN_FRAMEWORK_HEADER = YES;
				CLANG_WARN_RANGE_LOOP_ANALYSIS = YES;
				CLANG_WARN_STRICT_PROTOTYPES = YES;
				CLANG_WARN_SUSPICIOUS_MOVE = YES;
				CLANG_WARN_UNGUARDED_AVAILABILITY = YES_AGGRESSIVE;
				CLANG_WARN_UNREACHABLE_CODE = YES;
				CLANG_WARN__DUPLICATE_METHOD_MATCH = YES;
				COPY_PHASE_STRIP = NO;
				DEBUG_INFORMATION_FORMAT = dwarf;
				ENABLE_STRICT_OBJC_MSGSEND = YES;
				ENABLE_TESTABILITY = YES;
				GCC_C_LANGUAGE_STANDARD = gnu11;
				GCC_DYNAMIC_NO_PIC = NO;
				GCC_NO_COMMON_BLOCKS = YES;
				GCC_OPTIMIZATION_LEVEL = 0;
				GCC_PREPROCESSOR_DEFINITIONS = (
					"DEBUG=1",
					"$(inherited)",
				);
				GCC_WARN_64_TO_32_BIT_CONVERSION = YES;
				GCC_WARN_ABOUT_RETURN_TYPE = YES_ERROR;
				GCC_WARN_UNDECLARED_SELECTOR = YES;
				GCC_WARN_UNINITIALIZED_AUTOS = YES_AGGRESSIVE;
				GCC_WARN_UNUSED_FUNCTION = YES;
				GCC_WARN_UNUSED_VARIABLE = YES;
				IPHONEOS_DEPLOYMENT_TARGET = 14.5;
				MTL_ENABLE_DEBUG_INFO = INCLUDE_SOURCE;
				MTL_FAST_MATH = YES;
				ONLY_ACTIVE_ARCH = YES;
				SDKROOT = iphoneos;
				SWIFT_ACTIVE_COMPILATION_CONDITIONS = DEBUG;
				SWIFT_OPTIMIZATION_LEVEL = "-Onone";
			};
			name = Debug;
		};
		D78079CA263C451A0068D27D /* Release */ = {
			isa = XCBuildConfiguration;
			buildSettings = {
				ALWAYS_SEARCH_USER_PATHS = NO;
				CLANG_ANALYZER_NONNULL = YES;
				CLANG_ANALYZER_NUMBER_OBJECT_CONVERSION = YES_AGGRESSIVE;
				CLANG_CXX_LANGUAGE_STANDARD = "gnu++14";
				CLANG_CXX_LIBRARY = "libc++";
				CLANG_ENABLE_MODULES = YES;
				CLANG_ENABLE_OBJC_ARC = YES;
				CLANG_ENABLE_OBJC_WEAK = YES;
				CLANG_WARN_BLOCK_CAPTURE_AUTORELEASING = YES;
				CLANG_WARN_BOOL_CONVERSION = YES;
				CLANG_WARN_COMMA = YES;
				CLANG_WARN_CONSTANT_CONVERSION = YES;
				CLANG_WARN_DEPRECATED_OBJC_IMPLEMENTATIONS = YES;
				CLANG_WARN_DIRECT_OBJC_ISA_USAGE = YES_ERROR;
				CLANG_WARN_DOCUMENTATION_COMMENTS = YES;
				CLANG_WARN_EMPTY_BODY = YES;
				CLANG_WARN_ENUM_CONVERSION = YES;
				CLANG_WARN_INFINITE_RECURSION = YES;
				CLANG_WARN_INT_CONVERSION = YES;
				CLANG_WARN_NON_LITERAL_NULL_CONVERSION = YES;
				CLANG_WARN_OBJC_IMPLICIT_RETAIN_SELF = YES;
				CLANG_WARN_OBJC_LITERAL_CONVERSION = YES;
				CLANG_WARN_OBJC_ROOT_CLASS = YES_ERROR;
				CLANG_WARN_QUOTED_INCLUDE_IN_FRAMEWORK_HEADER = YES;
				CLANG_WARN_RANGE_LOOP_ANALYSIS = YES;
				CLANG_WARN_STRICT_PROTOTYPES = YES;
				CLANG_WARN_SUSPICIOUS_MOVE = YES;
				CLANG_WARN_UNGUARDED_AVAILABILITY = YES_AGGRESSIVE;
				CLANG_WARN_UNREACHABLE_CODE = YES;
				CLANG_WARN__DUPLICATE_METHOD_MATCH = YES;
				COPY_PHASE_STRIP = NO;
				DEBUG_INFORMATION_FORMAT = "dwarf-with-dsym";
				ENABLE_NS_ASSERTIONS = NO;
				ENABLE_STRICT_OBJC_MSGSEND = YES;
				GCC_C_LANGUAGE_STANDARD = gnu11;
				GCC_NO_COMMON_BLOCKS = YES;
				GCC_WARN_64_TO_32_BIT_CONVERSION = YES;
				GCC_WARN_ABOUT_RETURN_TYPE = YES_ERROR;
				GCC_WARN_UNDECLARED_SELECTOR = YES;
				GCC_WARN_UNINITIALIZED_AUTOS = YES_AGGRESSIVE;
				GCC_WARN_UNUSED_FUNCTION = YES;
				GCC_WARN_UNUSED_VARIABLE = YES;
				IPHONEOS_DEPLOYMENT_TARGET = 14.5;
				MTL_ENABLE_DEBUG_INFO = NO;
				MTL_FAST_MATH = YES;
				SDKROOT = iphoneos;
				SWIFT_COMPILATION_MODE = wholemodule;
				SWIFT_OPTIMIZATION_LEVEL = "-O";
				VALIDATE_PRODUCT = YES;
			};
			name = Release;
		};
		D78079CC263C451A0068D27D /* Debug */ = {
			isa = XCBuildConfiguration;
			buildSettings = {
				ASSETCATALOG_COMPILER_APPICON_NAME = AppIcon;
				ASSETCATALOG_COMPILER_GLOBAL_ACCENT_COLOR_NAME = AccentColor;
				CODE_SIGN_STYLE = Automatic;
				DEVELOPMENT_ASSET_PATHS = "\"Kocaeli Aritma/Preview Content\"";
				DEVELOPMENT_TEAM = 2QFUER6RW8;
				ENABLE_PREVIEWS = YES;
				INFOPLIST_FILE = "Kocaeli Aritma/Info.plist";
				IPHONEOS_DEPLOYMENT_TARGET = 14.0;
				LD_RUNPATH_SEARCH_PATHS = (
					"$(inherited)",
					"@executable_path/Frameworks",
				);
				PRODUCT_BUNDLE_IDENTIFIER = "HavenMobile.Kocaeli-Aritma";
				PRODUCT_NAME = "$(TARGET_NAME)";
				SWIFT_VERSION = 5.0;
				TARGETED_DEVICE_FAMILY = 1;
			};
			name = Debug;
		};
		D78079CD263C451A0068D27D /* Release */ = {
			isa = XCBuildConfiguration;
			buildSettings = {
				ASSETCATALOG_COMPILER_APPICON_NAME = AppIcon;
				ASSETCATALOG_COMPILER_GLOBAL_ACCENT_COLOR_NAME = AccentColor;
				CODE_SIGN_STYLE = Automatic;
				DEVELOPMENT_ASSET_PATHS = "\"Kocaeli Aritma/Preview Content\"";
				DEVELOPMENT_TEAM = 2QFUER6RW8;
				ENABLE_PREVIEWS = YES;
				INFOPLIST_FILE = "Kocaeli Aritma/Info.plist";
				IPHONEOS_DEPLOYMENT_TARGET = 14.0;
				LD_RUNPATH_SEARCH_PATHS = (
					"$(inherited)",
					"@executable_path/Frameworks",
				);
				PRODUCT_BUNDLE_IDENTIFIER = "HavenMobile.Kocaeli-Aritma";
				PRODUCT_NAME = "$(TARGET_NAME)";
				SWIFT_VERSION = 5.0;
				TARGETED_DEVICE_FAMILY = 1;
			};
			name = Release;
		};
		D78079CF263C451A0068D27D /* Debug */ = {
			isa = XCBuildConfiguration;
			buildSettings = {
				ALWAYS_EMBED_SWIFT_STANDARD_LIBRARIES = YES;
				BUNDLE_LOADER = "$(TEST_HOST)";
				CODE_SIGN_STYLE = Automatic;
				DEVELOPMENT_TEAM = 2QFUER6RW8;
				INFOPLIST_FILE = "Kocaeli AritmaTests/Info.plist";
				IPHONEOS_DEPLOYMENT_TARGET = 14.0;
				LD_RUNPATH_SEARCH_PATHS = (
					"$(inherited)",
					"@executable_path/Frameworks",
					"@loader_path/Frameworks",
				);
				PRODUCT_BUNDLE_IDENTIFIER = "HavenMobile.Kocaeli-AritmaTests";
				PRODUCT_NAME = "$(TARGET_NAME)";
				SWIFT_VERSION = 5.0;
				TARGETED_DEVICE_FAMILY = "1,2";
				TEST_HOST = "$(BUILT_PRODUCTS_DIR)/Kocaeli Aritma.app/Kocaeli Aritma";
			};
			name = Debug;
		};
		D78079D0263C451A0068D27D /* Release */ = {
			isa = XCBuildConfiguration;
			buildSettings = {
				ALWAYS_EMBED_SWIFT_STANDARD_LIBRARIES = YES;
				BUNDLE_LOADER = "$(TEST_HOST)";
				CODE_SIGN_STYLE = Automatic;
				DEVELOPMENT_TEAM = 2QFUER6RW8;
				INFOPLIST_FILE = "Kocaeli AritmaTests/Info.plist";
				IPHONEOS_DEPLOYMENT_TARGET = 14.0;
				LD_RUNPATH_SEARCH_PATHS = (
					"$(inherited)",
					"@executable_path/Frameworks",
					"@loader_path/Frameworks",
				);
				PRODUCT_BUNDLE_IDENTIFIER = "HavenMobile.Kocaeli-AritmaTests";
				PRODUCT_NAME = "$(TARGET_NAME)";
				SWIFT_VERSION = 5.0;
				TARGETED_DEVICE_FAMILY = "1,2";
				TEST_HOST = "$(BUILT_PRODUCTS_DIR)/Kocaeli Aritma.app/Kocaeli Aritma";
			};
			name = Release;
		};
		D78079D2263C451A0068D27D /* Debug */ = {
			isa = XCBuildConfiguration;
			buildSettings = {
				ALWAYS_EMBED_SWIFT_STANDARD_LIBRARIES = YES;
				CODE_SIGN_STYLE = Automatic;
				DEVELOPMENT_TEAM = 2QFUER6RW8;
				INFOPLIST_FILE = "Kocaeli AritmaUITests/Info.plist";
				LD_RUNPATH_SEARCH_PATHS = (
					"$(inherited)",
					"@executable_path/Frameworks",
					"@loader_path/Frameworks",
				);
				PRODUCT_BUNDLE_IDENTIFIER = "HavenMobile.Kocaeli-AritmaUITests";
				PRODUCT_NAME = "$(TARGET_NAME)";
				SWIFT_VERSION = 5.0;
				TARGETED_DEVICE_FAMILY = "1,2";
				TEST_TARGET_NAME = "Kocaeli Aritma";
			};
			name = Debug;
		};
		D78079D3263C451A0068D27D /* Release */ = {
			isa = XCBuildConfiguration;
			buildSettings = {
				ALWAYS_EMBED_SWIFT_STANDARD_LIBRARIES = YES;
				CODE_SIGN_STYLE = Automatic;
				DEVELOPMENT_TEAM = 2QFUER6RW8;
				INFOPLIST_FILE = "Kocaeli AritmaUITests/Info.plist";
				LD_RUNPATH_SEARCH_PATHS = (
					"$(inherited)",
					"@executable_path/Frameworks",
					"@loader_path/Frameworks",
				);
				PRODUCT_BUNDLE_IDENTIFIER = "HavenMobile.Kocaeli-AritmaUITests";
				PRODUCT_NAME = "$(TARGET_NAME)";
				SWIFT_VERSION = 5.0;
				TARGETED_DEVICE_FAMILY = "1,2";
				TEST_TARGET_NAME = "Kocaeli Aritma";
			};
			name = Release;
		};
/* End XCBuildConfiguration section */

/* Begin XCConfigurationList section */
		D78079A1263C45190068D27D /* Build configuration list for PBXProject "Kocaeli Aritma" */ = {
			isa = XCConfigurationList;
			buildConfigurations = (
				D78079C9263C451A0068D27D /* Debug */,
				D78079CA263C451A0068D27D /* Release */,
			);
			defaultConfigurationIsVisible = 0;
			defaultConfigurationName = Release;
		};
		D78079CB263C451A0068D27D /* Build configuration list for PBXNativeTarget "Kocaeli Aritma" */ = {
			isa = XCConfigurationList;
			buildConfigurations = (
				D78079CC263C451A0068D27D /* Debug */,
				D78079CD263C451A0068D27D /* Release */,
			);
			defaultConfigurationIsVisible = 0;
			defaultConfigurationName = Release;
		};
		D78079CE263C451A0068D27D /* Build configuration list for PBXNativeTarget "Kocaeli AritmaTests" */ = {
			isa = XCConfigurationList;
			buildConfigurations = (
				D78079CF263C451A0068D27D /* Debug */,
				D78079D0263C451A0068D27D /* Release */,
			);
			defaultConfigurationIsVisible = 0;
			defaultConfigurationName = Release;
		};
		D78079D1263C451A0068D27D /* Build configuration list for PBXNativeTarget "Kocaeli AritmaUITests" */ = {
			isa = XCConfigurationList;
			buildConfigurations = (
				D78079D2263C451A0068D27D /* Debug */,
				D78079D3263C451A0068D27D /* Release */,
			);
			defaultConfigurationIsVisible = 0;
			defaultConfigurationName = Release;
		};
/* End XCConfigurationList section */
	};
	rootObject = D780799E263C45190068D27D /* Project object */;
}
